
Microsoft Visual Studio Solution File, Format Version 12.00
# Visual Studio Version 16
VisualStudioVersion = 16.0.31829.152
MinimumVisualStudioVersion = 10.0.40219.1
Project("{FAE04EC0-301F-11D3-BF4B-00C04F79EFBC}") = "Ejercicio con clases 1", "Ejercicio con clases 1\Ejercicio con clases 1.csproj", "{94C838F7-9D13-42E0-9BD1-41B8AD1E379A}"
EndProject
Global
	GlobalSection(SolutionConfigurationPlatforms) = preSolution
		Debug|Any CPU = Debug|Any CPU
		Release|Any CPU = Release|Any CPU
	EndGlobalSection
	GlobalSection(ProjectConfigurationPlatforms) = postSolution
		{94C838F7-9D13-42E0-9BD1-41B8AD1E379A}.Debug|Any CPU.ActiveCfg = Debug|Any CPU
		{94C838F7-9D13-42E0-9BD1-41B8AD1E379A}.Debug|Any CPU.Build.0 = Debug|Any CPU
		{94C838F7-9D13-42E0-9BD1-41B8AD1E379A}.Release|Any CPU.ActiveCfg = Release|Any CPU
		{94C838F7-9D13-42E0-9BD1-41B8AD1E379A}.Release|Any CPU.Build.0 = Release|Any CPU
	EndGlobalSection
	GlobalSection(SolutionProperties) = preSolution
		HideSolutionNode = FALSE
	EndGlobalSection
	GlobalSection(ExtensibilityGlobals) = postSolution
		SolutionGuid = {D61A0969-DAC7-45D7-89C8-E9B0D99A8318}
	EndGlobalSection
EndGlobal
